<?xml version="1.0" encoding="utf-8"?>
<Project ToolsVersion="4.0" xmlns="http://schemas.microsoft.com/developer/msbuild/2003">
  <ItemGroup>
    <Filter Include="Archivos de origen">
      <UniqueIdentifier>{4FC737F1-C7A5-4376-A066-2A32D752A2FF}</UniqueIdentifier>
      <Extensions>cpp;c;cc;cxx;c++;cppm;ixx;def;odl;idl;hpj;bat;asm;asmx</Extensions>
    </Filter>
    <Filter Include="Archivos de encabezado">
      <UniqueIdentifier>{93995380-89BD-4b04-88EB-625FBE52EBFB}</UniqueIdentifier>
      <Extensions>h;hh;hpp;hxx;h++;hm;inl;inc;ipp;xsd</Extensions>
    </Filter>
    <Filter Include="Archivos de recursos">
      <UniqueIdentifier>{67DA6AB6-F800-4c08-8B7A-83BB121AAD01}</UniqueIdentifier>
      <Extensions>rc;ico;cur;bmp;dlg;rc2;rct;bin;rgs;gif;jpg;jpeg;jpe;resx;tiff;tif;png;wav;mfcribbon-ms</Extensions>
    </Filter>
  </ItemGroup>
  <ItemGroup>
    <ClCompile Include="main.c">
      <Filter>Archivos de origen</Filter>
    </ClCompile>
    <ClCompile Include="src\array.c">
      <Filter>Archivos de origen</Filter>
    </ClCompile>
    <ClCompile Include="src\camera.c">
      <Filter>Archivos de origen</Filter>
    </ClCompile>
    <ClCompile Include="src\clipping.c">
      <Filter>Archivos de origen</Filter>
    </ClCompile>
    <ClCompile Include="src\display.c">
      <Filter>Archivos de origen</Filter>
    </ClCompile>
    <ClCompile Include="src\light.c">
      <Filter>Archivos de origen</Filter>
    </ClCompile>
    <ClCompile Include="src\main.c">
      <Filter>Archivos de origen</Filter>
    </ClCompile>
    <ClCompile Include="src\matrix.c">
      <Filter>Archivos de origen</Filter>
    </ClCompile>
    <ClCompile Include="src\mesh.c">
      <Filter>Archivos de origen</Filter>
    </ClCompile>
    <ClCompile Include="src\swap.c">
      <Filter>Archivos de origen</Filter>
    </ClCompile>
    <ClCompile Include="src\texture.c">
      <Filter>Archivos de origen</Filter>
    </ClCompile>
    <ClCompile Include="src\triangle.c">
      <Filter>Archivos de origen</Filter>
    </ClCompile>
    <ClCompile Include="src\upng.c">
      <Filter>Archivos de origen</Filter>
    </ClCompile>
    <ClCompile Include="src\vector.c">
      <Filter>Archivos de origen</Filter>
    </ClCompile>
  </ItemGroup>
  <ItemGroup>
    <ClInclude Include="src\array.h">
      <Filter>Archivos de encabezado</Filter>
    </ClInclude>
    <ClInclude Include="src\camera.h">
      <Filter>Archivos de encabezado</Filter>
    </ClInclude>
    <ClInclude Include="src\clipping.h">
      <Filter>Archivos de encabezado</Filter>
    </ClInclude>
    <ClInclude Include="src\display.h">
      <Filter>Archivos de encabezado</Filter>
    </ClInclude>
    <ClInclude Include="src\light.h">
      <Filter>Archivos de encabezado</Filter>
    </ClInclude>
    <ClInclude Include="src\matrix.h">
      <Filter>Archivos de encabezado</Filter>
    </ClInclude>
    <ClInclude Include="src\mesh.h">
      <Filter>Archivos de encabezado</Filter>
    </ClInclude>
    <ClInclude Include="src\swap.h">
      <Filter>Archivos de encabezado</Filter>
    </ClInclude>
    <ClInclude Include="src\texture.h">
      <Filter>Archivos de encabezado</Filter>
    </ClInclude>
    <ClInclude Include="src\triangle.h">
      <Filter>Archivos de encabezado</Filter>
    </ClInclude>
    <ClInclude Include="src\upng.h">
      <Filter>Archivos de encabezado</Filter>
    </ClInclude>
    <ClInclude Include="src\vector.h">
      <Filter>Archivos de encabezado</Filter>
    </ClInclude>
  </ItemGroup>
  <ItemGroup>
    <Object Include="assets\crab.obj" />
    <Object Include="assets\sphere.obj" />
    <Object Include="assets\runway.obj" />
    <Object Include="assets\cube.obj" />
    <Object Include="assets\drone.obj" />
    <Object Include="assets\efa.obj" />
    <Object Include="assets\f22.obj" />
    <Object Include="assets\f117.obj" />
  </ItemGroup>
  <ItemGroup>
    <Image Include="assets\runway.png">
      <Filter>Archivos de recursos</Filter>
    </Image>
    <Image Include="assets\cube.png">
      <Filter>Archivos de recursos</Filter>
    </Image>
    <Image Include="assets\drone.png">
      <Filter>Archivos de recursos</Filter>
    </Image>
    <Image Include="assets\efa.png">
      <Filter>Archivos de recursos</Filter>
    </Image>
    <Image Include="assets\f22.png">
      <Filter>Archivos de recursos</Filter>
    </Image>
    <Image Include="assets\f117.png">
      <Filter>Archivos de recursos</Filter>
    </Image>
    <Image Include="assets\pikuma.png">
      <Filter>Archivos de recursos</Filter>
    </Image>
    <Image Include="assets\crab.png">
      <Filter>Archivos de recursos</Filter>
    </Image>
  </ItemGroup>
</Project>